
Microsoft Visual Studio Solution File, Format Version 12.00
# Visual Studio Version 16
VisualStudioVersion = 16.0.29609.76
MinimumVisualStudioVersion = 10.0.40219.1
Project("{FAE04EC0-301F-11D3-BF4B-00C04F79EFBC}") = "HiPA.Common", "..\HiPA.Common\HiPA.Common.csproj", "{CA805057-07CD-4FB2-A56E-2B2AA037A030}"
EndProject
Project("{FAE04EC0-301F-11D3-BF4B-00C04F79EFBC}") = "HiPA.Communicator", "..\HiPA.Communicator\HiPA.Communicator.csproj", "{E786D738-D48F-4265-A51B-AD14F53306D9}"
EndProject
Project("{FAE04EC0-301F-11D3-BF4B-00C04F79EFBC}") = "HiPA.Instrument", "..\HiPA.Instrument\HiPA.Instrument.csproj", "{B85B6EB2-D4D2-4F7A-85A4-F2A7DA9F50C2}"
EndProject
Project("{FAE04EC0-301F-11D3-BF4B-00C04F79EFBC}") = "JptCamera", "..\JptCamera\JptCamera.csproj", "{256C4EB1-33EF-461C-847B-BF095A3EAE5E}"
EndProject
Project("{FAE04EC0-301F-11D3-BF4B-00C04F79EFBC}") = "JptMatroxSystem", "..\JptMatroxSystem\JptMatroxSystem.csproj", "{53E00C91-FF2D-411D-B4D4-F632E6255072}"
EndProject
Project("{FAE04EC0-301F-11D3-BF4B-00C04F79EFBC}") = "MainApp", "MainApp\MainApp.csproj", "{34C50DAA-35D8-4D68-A677-4ECF2C479046}"
EndProject
Project("{FAE04EC0-301F-11D3-BF4B-00C04F79EFBC}") = "WPFSharp.Globalizer", "..\WPFSharp.Globalizer\WPFSharp.Globalizer.csproj", "{715461E8-4E54-4993-80A8-8E72892135E0}"
EndProject
Project("{FAE04EC0-301F-11D3-BF4B-00C04F79EFBC}") = "B262_Vision_Processing", "..\Vision_Processing\B262_Vision_Processing.csproj", "{9CC5BD89-CE66-40BC-A66B-335B10E90752}"
EndProject
Global
	GlobalSection(SolutionConfigurationPlatforms) = preSolution
		CD_ROM|Any CPU = CD_ROM|Any CPU
		CD_ROM|x64 = CD_ROM|x64
		CD_ROM|x86 = CD_ROM|x86
		Debug|Any CPU = Debug|Any CPU
		Debug|x64 = Debug|x64
		Debug|x86 = Debug|x86
		DVD-5|Any CPU = DVD-5|Any CPU
		DVD-5|x64 = DVD-5|x64
		DVD-5|x86 = DVD-5|x86
		Release|Any CPU = Release|Any CPU
		Release|x64 = Release|x64
		Release|x86 = Release|x86
		SingleImage|Any CPU = SingleImage|Any CPU
		SingleImage|x64 = SingleImage|x64
		SingleImage|x86 = SingleImage|x86
	EndGlobalSection
	GlobalSection(ProjectConfigurationPlatforms) = postSolution
		{CA805057-07CD-4FB2-A56E-2B2AA037A030}.CD_ROM|Any CPU.ActiveCfg = Release|Any CPU
		{CA805057-07CD-4FB2-A56E-2B2AA037A030}.CD_ROM|Any CPU.Build.0 = Release|Any CPU
		{CA805057-07CD-4FB2-A56E-2B2AA037A030}.CD_ROM|x64.ActiveCfg = Debug|x64
		{CA805057-07CD-4FB2-A56E-2B2AA037A030}.CD_ROM|x64.Build.0 = Debug|x64
		{CA805057-07CD-4FB2-A56E-2B2AA037A030}.CD_ROM|x86.ActiveCfg = Debug|Any CPU
		{CA805057-07CD-4FB2-A56E-2B2AA037A030}.CD_ROM|x86.Build.0 = Debug|Any CPU
		{CA805057-07CD-4FB2-A56E-2B2AA037A030}.Debug|Any CPU.ActiveCfg = Debug|Any CPU
		{CA805057-07CD-4FB2-A56E-2B2AA037A030}.Debug|Any CPU.Build.0 = Debug|Any CPU
		{CA805057-07CD-4FB2-A56E-2B2AA037A030}.Debug|x64.ActiveCfg = Debug|x64
		{CA805057-07CD-4FB2-A56E-2B2AA037A030}.Debug|x64.Build.0 = Debug|x64
		{CA805057-07CD-4FB2-A56E-2B2AA037A030}.Debug|x86.ActiveCfg = Debug|Any CPU
		{CA805057-07CD-4FB2-A56E-2B2AA037A030}.Debug|x86.Build.0 = Debug|Any CPU
		{CA805057-07CD-4FB2-A56E-2B2AA037A030}.DVD-5|Any CPU.ActiveCfg = Debug|Any CPU
		{CA805057-07CD-4FB2-A56E-2B2AA037A030}.DVD-5|Any CPU.Build.0 = Debug|Any CPU
		{CA805057-07CD-4FB2-A56E-2B2AA037A030}.DVD-5|x64.ActiveCfg = Debug|x64
		{CA805057-07CD-4FB2-A56E-2B2AA037A030}.DVD-5|x64.Build.0 = Debug|x64
		{CA805057-07CD-4FB2-A56E-2B2AA037A030}.DVD-5|x86.ActiveCfg = Debug|Any CPU
		{CA805057-07CD-4FB2-A56E-2B2AA037A030}.DVD-5|x86.Build.0 = Debug|Any CPU
		{CA805057-07CD-4FB2-A56E-2B2AA037A030}.Release|Any CPU.ActiveCfg = Release|Any CPU
		{CA805057-07CD-4FB2-A56E-2B2AA037A030}.Release|Any CPU.Build.0 = Release|Any CPU
		{CA805057-07CD-4FB2-A56E-2B2AA037A030}.Release|x64.ActiveCfg = Release|x64
		{CA805057-07CD-4FB2-A56E-2B2AA037A030}.Release|x64.Build.0 = Release|x64
		{CA805057-07CD-4FB2-A56E-2B2AA037A030}.Release|x86.ActiveCfg = Release|Any CPU
		{CA805057-07CD-4FB2-A56E-2B2AA037A030}.Release|x86.Build.0 = Release|Any CPU
		{CA805057-07CD-4FB2-A56E-2B2AA037A030}.SingleImage|Any CPU.ActiveCfg = Release|Any CPU
		{CA805057-07CD-4FB2-A56E-2B2AA037A030}.SingleImage|Any CPU.Build.0 = Release|Any CPU
		{CA805057-07CD-4FB2-A56E-2B2AA037A030}.SingleImage|x64.ActiveCfg = Debug|x64
		{CA805057-07CD-4FB2-A56E-2B2AA037A030}.SingleImage|x64.Build.0 = Debug|x64
		{CA805057-07CD-4FB2-A56E-2B2AA037A030}.SingleImage|x86.ActiveCfg = Debug|Any CPU
		{CA805057-07CD-4FB2-A56E-2B2AA037A030}.SingleImage|x86.Build.0 = Debug|Any CPU
		{E786D738-D48F-4265-A51B-AD14F53306D9}.CD_ROM|Any CPU.ActiveCfg = Release|Any CPU
		{E786D738-D48F-4265-A51B-AD14F53306D9}.CD_ROM|Any CPU.Build.0 = Release|Any CPU
		{E786D738-D48F-4265-A51B-AD14F53306D9}.CD_ROM|x64.ActiveCfg = Debug|x64
		{E786D738-D48F-4265-A51B-AD14F53306D9}.CD_ROM|x64.Build.0 = Debug|x64
		{E786D738-D48F-4265-A51B-AD14F53306D9}.CD_ROM|x86.ActiveCfg = Debug|Any CPU
		{E786D738-D48F-4265-A51B-AD14F53306D9}.CD_ROM|x86.Build.0 = Debug|Any CPU
		{E786D738-D48F-4265-A51B-AD14F53306D9}.Debug|Any CPU.ActiveCfg = Debug|Any CPU
		{E786D738-D48F-4265-A51B-AD14F53306D9}.Debug|Any CPU.Build.0 = Debug|Any CPU
		{E786D738-D48F-4265-A51B-AD14F53306D9}.Debug|x64.ActiveCfg = Debug|x64
		{E786D738-D48F-4265-A51B-AD14F53306D9}.Debug|x64.Build.0 = Debug|x64
		{E786D738-D48F-4265-A51B-AD14F53306D9}.Debug|x86.ActiveCfg = Debug|Any CPU
		{E786D738-D48F-4265-A51B-AD14F53306D9}.Debug|x86.Build.0 = Debug|Any CPU
		{E786D738-D48F-4265-A51B-AD14F53306D9}.DVD-5|Any CPU.ActiveCfg = Debug|Any CPU
		{E786D738-D48F-4265-A51B-AD14F53306D9}.DVD-5|Any CPU.Build.0 = Debug|Any CPU
		{E786D738-D48F-4265-A51B-AD14F53306D9}.DVD-5|x64.ActiveCfg = Debug|x64
		{E786D738-D48F-4265-A51B-AD14F53306D9}.DVD-5|x64.Build.0 = Debug|x64
		{E786D738-D48F-4265-A51B-AD14F53306D9}.DVD-5|x86.ActiveCfg = Debug|Any CPU
		{E786D738-D48F-4265-A51B-AD14F53306D9}.DVD-5|x86.Build.0 = Debug|Any CPU
		{E786D738-D48F-4265-A51B-AD14F53306D9}.Release|Any CPU.ActiveCfg = Release|Any CPU
		{E786D738-D48F-4265-A51B-AD14F53306D9}.Release|Any CPU.Build.0 = Release|Any CPU
		{E786D738-D48F-4265-A51B-AD14F53306D9}.Release|x64.ActiveCfg = Release|x64
		{E786D738-D48F-4265-A51B-AD14F53306D9}.Release|x64.Build.0 = Release|x64
		{E786D738-D48F-4265-A51B-AD14F53306D9}.Release|x86.ActiveCfg = Release|Any CPU
		{E786D738-D48F-4265-A51B-AD14F53306D9}.Release|x86.Build.0 = Release|Any CPU
		{E786D738-D48F-4265-A51B-AD14F53306D9}.SingleImage|Any CPU.ActiveCfg = Release|Any CPU
		{E786D738-D48F-4265-A51B-AD14F53306D9}.SingleImage|Any CPU.Build.0 = Release|Any CPU
		{E786D738-D48F-4265-A51B-AD14F53306D9}.SingleImage|x64.ActiveCfg = Debug|x64
		{E786D738-D48F-4265-A51B-AD14F53306D9}.SingleImage|x64.Build.0 = Debug|x64
		{E786D738-D48F-4265-A51B-AD14F53306D9}.SingleImage|x86.ActiveCfg = Debug|Any CPU
		{E786D738-D48F-4265-A51B-AD14F53306D9}.SingleImage|x86.Build.0 = Debug|Any CPU
		{B85B6EB2-D4D2-4F7A-85A4-F2A7DA9F50C2}.CD_ROM|Any CPU.ActiveCfg = Release|Any CPU
		{B85B6EB2-D4D2-4F7A-85A4-F2A7DA9F50C2}.CD_ROM|Any CPU.Build.0 = Release|Any CPU
		{B85B6EB2-D4D2-4F7A-85A4-F2A7DA9F50C2}.CD_ROM|x64.ActiveCfg = Debug|x64
		{B85B6EB2-D4D2-4F7A-85A4-F2A7DA9F50C2}.CD_ROM|x64.Build.0 = Debug|x64
		{B85B6EB2-D4D2-4F7A-85A4-F2A7DA9F50C2}.CD_ROM|x86.ActiveCfg = Debug|Any CPU
		{B85B6EB2-D4D2-4F7A-85A4-F2A7DA9F50C2}.CD_ROM|x86.Build.0 = Debug|Any CPU
		{B85B6EB2-D4D2-4F7A-85A4-F2A7DA9F50C2}.Debug|Any CPU.ActiveCfg = Debug|Any CPU
		{B85B6EB2-D4D2-4F7A-85A4-F2A7DA9F50C2}.Debug|Any CPU.Build.0 = Debug|Any CPU
		{B85B6EB2-D4D2-4F7A-85A4-F2A7DA9F50C2}.Debug|x64.ActiveCfg = Debug|x64
		{B85B6EB2-D4D2-4F7A-85A4-F2A7DA9F50C2}.Debug|x64.Build.0 = Debug|x64
		{B85B6EB2-D4D2-4F7A-85A4-F2A7DA9F50C2}.Debug|x86.ActiveCfg = Debug|Any CPU
		{B85B6EB2-D4D2-4F7A-85A4-F2A7DA9F50C2}.Debug|x86.Build.0 = Debug|Any CPU
		{B85B6EB2-D4D2-4F7A-85A4-F2A7DA9F50C2}.DVD-5|Any CPU.ActiveCfg = Debug|Any CPU
		{B85B6EB2-D4D2-4F7A-85A4-F2A7DA9F50C2}.DVD-5|Any CPU.Build.0 = Debug|Any CPU
		{B85B6EB2-D4D2-4F7A-85A4-F2A7DA9F50C2}.DVD-5|x64.ActiveCfg = Debug|x64
		{B85B6EB2-D4D2-4F7A-85A4-F2A7DA9F50C2}.DVD-5|x64.Build.0 = Debug|x64
		{B85B6EB2-D4D2-4F7A-85A4-F2A7DA9F50C2}.DVD-5|x86.ActiveCfg = Debug|Any CPU
		{B85B6EB2-D4D2-4F7A-85A4-F2A7DA9F50C2}.DVD-5|x86.Build.0 = Debug|Any CPU
		{B85B6EB2-D4D2-4F7A-85A4-F2A7DA9F50C2}.Release|Any CPU.ActiveCfg = Release|Any CPU
		{B85B6EB2-D4D2-4F7A-85A4-F2A7DA9F50C2}.Release|Any CPU.Build.0 = Release|Any CPU
		{B85B6EB2-D4D2-4F7A-85A4-F2A7DA9F50C2}.Release|x64.ActiveCfg = Release|x64
		{B85B6EB2-D4D2-4F7A-85A4-F2A7DA9F50C2}.Release|x64.Build.0 = Release|x64
		{B85B6EB2-D4D2-4F7A-85A4-F2A7DA9F50C2}.Release|x86.ActiveCfg = Release|Any CPU
		{B85B6EB2-D4D2-4F7A-85A4-F2A7DA9F50C2}.Release|x86.Build.0 = Release|Any CPU
		{B85B6EB2-D4D2-4F7A-85A4-F2A7DA9F50C2}.SingleImage|Any CPU.ActiveCfg = Release|Any CPU
		{B85B6EB2-D4D2-4F7A-85A4-F2A7DA9F50C2}.SingleImage|Any CPU.Build.0 = Release|Any CPU
		{B85B6EB2-D4D2-4F7A-85A4-F2A7DA9F50C2}.SingleImage|x64.ActiveCfg = Debug|x64
		{B85B6EB2-D4D2-4F7A-85A4-F2A7DA9F50C2}.SingleImage|x64.Build.0 = Debug|x64
		{B85B6EB2-D4D2-4F7A-85A4-F2A7DA9F50C2}.SingleImage|x86.ActiveCfg = Debug|Any CPU
		{B85B6EB2-D4D2-4F7A-85A4-F2A7DA9F50C2}.SingleImage|x86.Build.0 = Debug|Any CPU
		{256C4EB1-33EF-461C-847B-BF095A3EAE5E}.CD_ROM|Any CPU.ActiveCfg = Release|Any CPU
		{256C4EB1-33EF-461C-847B-BF095A3EAE5E}.CD_ROM|Any CPU.Build.0 = Release|Any CPU
		{256C4EB1-33EF-461C-847B-BF095A3EAE5E}.CD_ROM|x64.ActiveCfg = Debug|x64
		{256C4EB1-33EF-461C-847B-BF095A3EAE5E}.CD_ROM|x64.Build.0 = Debug|x64
		{256C4EB1-33EF-461C-847B-BF095A3EAE5E}.CD_ROM|x86.ActiveCfg = Release|x86
		{256C4EB1-33EF-461C-847B-BF095A3EAE5E}.CD_ROM|x86.Build.0 = Release|x86
		{256C4EB1-33EF-461C-847B-BF095A3EAE5E}.Debug|Any CPU.ActiveCfg = Debug|Any CPU
		{256C4EB1-33EF-461C-847B-BF095A3EAE5E}.Debug|Any CPU.Build.0 = Debug|Any CPU
		{256C4EB1-33EF-461C-847B-BF095A3EAE5E}.Debug|x64.ActiveCfg = Debug|x64
		{256C4EB1-33EF-461C-847B-BF095A3EAE5E}.Debug|x64.Build.0 = Debug|x64
		{256C4EB1-33EF-461C-847B-BF095A3EAE5E}.Debug|x86.ActiveCfg = Debug|x86
		{256C4EB1-33EF-461C-847B-BF095A3EAE5E}.Debug|x86.Build.0 = Debug|x86
		{256C4EB1-33EF-461C-847B-BF095A3EAE5E}.DVD-5|Any CPU.ActiveCfg = Debug|Any CPU
		{256C4EB1-33EF-461C-847B-BF095A3EAE5E}.DVD-5|Any CPU.Build.0 = Debug|Any CPU
		{256C4EB1-33EF-461C-847B-BF095A3EAE5E}.DVD-5|x64.ActiveCfg = Debug|x64
		{256C4EB1-33EF-461C-847B-BF095A3EAE5E}.DVD-5|x64.Build.0 = Debug|x64
		{256C4EB1-33EF-461C-847B-BF095A3EAE5E}.DVD-5|x86.ActiveCfg = Debug|x86
		{256C4EB1-33EF-461C-847B-BF095A3EAE5E}.DVD-5|x86.Build.0 = Debug|x86
		{256C4EB1-33EF-461C-847B-BF095A3EAE5E}.Release|Any CPU.ActiveCfg = Release|Any CPU
		{256C4EB1-33EF-461C-847B-BF095A3EAE5E}.Release|Any CPU.Build.0 = Release|Any CPU
		{256C4EB1-33EF-461C-847B-BF095A3EAE5E}.Release|x64.ActiveCfg = Release|x64
		{256C4EB1-33EF-461C-847B-BF095A3EAE5E}.Release|x64.Build.0 = Release|x64
		{256C4EB1-33EF-461C-847B-BF095A3EAE5E}.Release|x86.ActiveCfg = Release|x86
		{256C4EB1-33EF-461C-847B-BF095A3EAE5E}.Release|x86.Build.0 = Release|x86
		{256C4EB1-33EF-461C-847B-BF095A3EAE5E}.SingleImage|Any CPU.ActiveCfg = Release|Any CPU
		{256C4EB1-33EF-461C-847B-BF095A3EAE5E}.SingleImage|Any CPU.Build.0 = Release|Any CPU
		{256C4EB1-33EF-461C-847B-BF095A3EAE5E}.SingleImage|x64.ActiveCfg = Debug|x64
		{256C4EB1-33EF-461C-847B-BF095A3EAE5E}.SingleImage|x64.Build.0 = Debug|x64
		{256C4EB1-33EF-461C-847B-BF095A3EAE5E}.SingleImage|x86.ActiveCfg = Release|x86
		{256C4EB1-33EF-461C-847B-BF095A3EAE5E}.SingleImage|x86.Build.0 = Release|x86
		{53E00C91-FF2D-411D-B4D4-F632E6255072}.CD_ROM|Any CPU.ActiveCfg = Release|Any CPU
		{53E00C91-FF2D-411D-B4D4-F632E6255072}.CD_ROM|Any CPU.Build.0 = Release|Any CPU
		{53E00C91-FF2D-411D-B4D4-F632E6255072}.CD_ROM|x64.ActiveCfg = Debug|Any CPU
		{53E00C91-FF2D-411D-B4D4-F632E6255072}.CD_ROM|x64.Build.0 = Debug|Any CPU
		{53E00C91-FF2D-411D-B4D4-F632E6255072}.CD_ROM|x86.ActiveCfg = Debug|Any CPU
		{53E00C91-FF2D-411D-B4D4-F632E6255072}.CD_ROM|x86.Build.0 = Debug|Any CPU
		{53E00C91-FF2D-411D-B4D4-F632E6255072}.Debug|Any CPU.ActiveCfg = Debug|Any CPU
		{53E00C91-FF2D-411D-B4D4-F632E6255072}.Debug|Any CPU.Build.0 = Debug|Any CPU
		{53E00C91-FF2D-411D-B4D4-F632E6255072}.Debug|x64.ActiveCfg = Debug|Any CPU
		{53E00C91-FF2D-411D-B4D4-F632E6255072}.Debug|x64.Build.0 = Debug|Any CPU
		{53E00C91-FF2D-411D-B4D4-F632E6255072}.Debug|x86.ActiveCfg = Debug|Any CPU
		{53E00C91-FF2D-411D-B4D4-F632E6255072}.Debug|x86.Build.0 = Debug|Any CPU
		{53E00C91-FF2D-411D-B4D4-F632E6255072}.DVD-5|Any CPU.ActiveCfg = Debug|Any CPU
		{53E00C91-FF2D-411D-B4D4-F632E6255072}.DVD-5|Any CPU.Build.0 = Debug|Any CPU
		{53E00C91-FF2D-411D-B4D4-F632E6255072}.DVD-5|x64.ActiveCfg = Debug|Any CPU
		{53E00C91-FF2D-411D-B4D4-F632E6255072}.DVD-5|x64.Build.0 = Debug|Any CPU
		{53E00C91-FF2D-411D-B4D4-F632E6255072}.DVD-5|x86.ActiveCfg = Debug|Any CPU
		{53E00C91-FF2D-411D-B4D4-F632E6255072}.DVD-5|x86.Build.0 = Debug|Any CPU
		{53E00C91-FF2D-411D-B4D4-F632E6255072}.Release|Any CPU.ActiveCfg = Release|Any CPU
		{53E00C91-FF2D-411D-B4D4-F632E6255072}.Release|Any CPU.Build.0 = Release|Any CPU
		{53E00C91-FF2D-411D-B4D4-F632E6255072}.Release|x64.ActiveCfg = Release|Any CPU
		{53E00C91-FF2D-411D-B4D4-F632E6255072}.Release|x64.Build.0 = Release|Any CPU
		{53E00C91-FF2D-411D-B4D4-F632E6255072}.Release|x86.ActiveCfg = Release|Any CPU
		{53E00C91-FF2D-411D-B4D4-F632E6255072}.Release|x86.Build.0 = Release|Any CPU
		{53E00C91-FF2D-411D-B4D4-F632E6255072}.SingleImage|Any CPU.ActiveCfg = Release|Any CPU
		{53E00C91-FF2D-411D-B4D4-F632E6255072}.SingleImage|Any CPU.Build.0 = Release|Any CPU
		{53E00C91-FF2D-411D-B4D4-F632E6255072}.SingleImage|x64.ActiveCfg = Debug|Any CPU
		{53E00C91-FF2D-411D-B4D4-F632E6255072}.SingleImage|x64.Build.0 = Debug|Any CPU
		{53E00C91-FF2D-411D-B4D4-F632E6255072}.SingleImage|x86.ActiveCfg = Debug|Any CPU
		{53E00C91-FF2D-411D-B4D4-F632E6255072}.SingleImage|x86.Build.0 = Debug|Any CPU
		{34C50DAA-35D8-4D68-A677-4ECF2C479046}.CD_ROM|Any CPU.ActiveCfg = Release|Any CPU
		{34C50DAA-35D8-4D68-A677-4ECF2C479046}.CD_ROM|Any CPU.Build.0 = Release|Any CPU
		{34C50DAA-35D8-4D68-A677-4ECF2C479046}.CD_ROM|x64.ActiveCfg = Debug|x64
		{34C50DAA-35D8-4D68-A677-4ECF2C479046}.CD_ROM|x64.Build.0 = Debug|x64
		{34C50DAA-35D8-4D68-A677-4ECF2C479046}.CD_ROM|x86.ActiveCfg = Release|x86
		{34C50DAA-35D8-4D68-A677-4ECF2C479046}.CD_ROM|x86.Build.0 = Release|x86
		{34C50DAA-35D8-4D68-A677-4ECF2C479046}.Debug|Any CPU.ActiveCfg = Debug|Any CPU
		{34C50DAA-35D8-4D68-A677-4ECF2C479046}.Debug|Any CPU.Build.0 = Debug|Any CPU
		{34C50DAA-35D8-4D68-A677-4ECF2C479046}.Debug|x64.ActiveCfg = Debug|x64
		{34C50DAA-35D8-4D68-A677-4ECF2C479046}.Debug|x64.Build.0 = Debug|x64
		{34C50DAA-35D8-4D68-A677-4ECF2C479046}.Debug|x86.ActiveCfg = Debug|x86
		{34C50DAA-35D8-4D68-A677-4ECF2C479046}.Debug|x86.Build.0 = Debug|x86
		{34C50DAA-35D8-4D68-A677-4ECF2C479046}.DVD-5|Any CPU.ActiveCfg = Debug|Any CPU
		{34C50DAA-35D8-4D68-A677-4ECF2C479046}.DVD-5|Any CPU.Build.0 = Debug|Any CPU
		{34C50DAA-35D8-4D68-A677-4ECF2C479046}.DVD-5|x64.ActiveCfg = Debug|x64
		{34C50DAA-35D8-4D68-A677-4ECF2C479046}.DVD-5|x64.Build.0 = Debug|x64
		{34C50DAA-35D8-4D68-A677-4ECF2C479046}.DVD-5|x86.ActiveCfg = Debug|x86
		{34C50DAA-35D8-4D68-A677-4ECF2C479046}.DVD-5|x86.Build.0 = Debug|x86
		{34C50DAA-35D8-4D68-A677-4ECF2C479046}.Release|Any CPU.ActiveCfg = Release|Any CPU
		{34C50DAA-35D8-4D68-A677-4ECF2C479046}.Release|Any CPU.Build.0 = Release|Any CPU
		{34C50DAA-35D8-4D68-A677-4ECF2C479046}.Release|x64.ActiveCfg = Release|x64
		{34C50DAA-35D8-4D68-A677-4ECF2C479046}.Release|x64.Build.0 = Release|x64
		{34C50DAA-35D8-4D68-A677-4ECF2C479046}.Release|x86.ActiveCfg = Release|x86
		{34C50DAA-35D8-4D68-A677-4ECF2C479046}.Release|x86.Build.0 = Release|x86
		{34C50DAA-35D8-4D68-A677-4ECF2C479046}.SingleImage|Any CPU.ActiveCfg = Release|Any CPU
		{34C50DAA-35D8-4D68-A677-4ECF2C479046}.SingleImage|Any CPU.Build.0 = Release|Any CPU
		{34C50DAA-35D8-4D68-A677-4ECF2C479046}.SingleImage|x64.ActiveCfg = Debug|x64
		{34C50DAA-35D8-4D68-A677-4ECF2C479046}.SingleImage|x64.Build.0 = Debug|x64
		{34C50DAA-35D8-4D68-A677-4ECF2C479046}.SingleImage|x86.ActiveCfg = Release|x86
		{34C50DAA-35D8-4D68-A677-4ECF2C479046}.SingleImage|x86.Build.0 = Release|x86
		{715461E8-4E54-4993-80A8-8E72892135E0}.CD_ROM|Any CPU.ActiveCfg = Release|Any CPU
		{715461E8-4E54-4993-80A8-8E72892135E0}.CD_ROM|Any CPU.Build.0 = Release|Any CPU
		{715461E8-4E54-4993-80A8-8E72892135E0}.CD_ROM|x64.ActiveCfg = Release|x64
		{715461E8-4E54-4993-80A8-8E72892135E0}.CD_ROM|x64.Build.0 = Release|x64
		{715461E8-4E54-4993-80A8-8E72892135E0}.CD_ROM|x86.ActiveCfg = Release|x86
		{715461E8-4E54-4993-80A8-8E72892135E0}.CD_ROM|x86.Build.0 = Release|x86
		{715461E8-4E54-4993-80A8-8E72892135E0}.Debug|Any CPU.ActiveCfg = Debug|Any CPU
		{715461E8-4E54-4993-80A8-8E72892135E0}.Debug|Any CPU.Build.0 = Debug|Any CPU
		{715461E8-4E54-4993-80A8-8E72892135E0}.Debug|x64.ActiveCfg = Debug|x64
		{715461E8-4E54-4993-80A8-8E72892135E0}.Debug|x64.Build.0 = Debug|x64
		{715461E8-4E54-4993-80A8-8E72892135E0}.Debug|x86.ActiveCfg = Debug|x86
		{715461E8-4E54-4993-80A8-8E72892135E0}.Debug|x86.Build.0 = Debug|x86
		{715461E8-4E54-4993-80A8-8E72892135E0}.DVD-5|Any CPU.ActiveCfg = Debug|Any CPU
		{715461E8-4E54-4993-80A8-8E72892135E0}.DVD-5|Any CPU.Build.0 = Debug|Any CPU
		{715461E8-4E54-4993-80A8-8E72892135E0}.DVD-5|x64.ActiveCfg = Debug|x64
		{715461E8-4E54-4993-80A8-8E72892135E0}.DVD-5|x64.Build.0 = Debug|x64
		{715461E8-4E54-4993-80A8-8E72892135E0}.DVD-5|x86.ActiveCfg = Debug|x86
		{715461E8-4E54-4993-80A8-8E72892135E0}.DVD-5|x86.Build.0 = Debug|x86
		{715461E8-4E54-4993-80A8-8E72892135E0}.Release|Any CPU.ActiveCfg = Release|Any CPU
		{715461E8-4E54-4993-80A8-8E72892135E0}.Release|Any CPU.Build.0 = Release|Any CPU
		{715461E8-4E54-4993-80A8-8E72892135E0}.Release|x64.ActiveCfg = Release|x64
		{715461E8-4E54-4993-80A8-8E72892135E0}.Release|x64.Build.0 = Release|x64
		{715461E8-4E54-4993-80A8-8E72892135E0}.Release|x86.ActiveCfg = Release|x86
		{715461E8-4E54-4993-80A8-8E72892135E0}.Release|x86.Build.0 = Release|x86
		{715461E8-4E54-4993-80A8-8E72892135E0}.SingleImage|Any CPU.ActiveCfg = Release|Any CPU
		{715461E8-4E54-4993-80A8-8E72892135E0}.SingleImage|Any CPU.Build.0 = Release|Any CPU
		{715461E8-4E54-4993-80A8-8E72892135E0}.SingleImage|x64.ActiveCfg = Release|x64
		{715461E8-4E54-4993-80A8-8E72892135E0}.SingleImage|x64.Build.0 = Release|x64
		{715461E8-4E54-4993-80A8-8E72892135E0}.SingleImage|x86.ActiveCfg = Release|x86
		{715461E8-4E54-4993-80A8-8E72892135E0}.SingleImage|x86.Build.0 = Release|x86
		{9CC5BD89-CE66-40BC-A66B-335B10E90752}.CD_ROM|Any CPU.ActiveCfg = Debug|Any CPU
		{9CC5BD89-CE66-40BC-A66B-335B10E90752}.CD_ROM|Any CPU.Build.0 = Debug|Any CPU
		{9CC5BD89-CE66-40BC-A66B-335B10E90752}.CD_ROM|x64.ActiveCfg = Debug|x64
		{9CC5BD89-CE66-40BC-A66B-335B10E90752}.CD_ROM|x64.Build.0 = Debug|x64
		{9CC5BD89-CE66-40BC-A66B-335B10E90752}.CD_ROM|x86.ActiveCfg = Debug|Any CPU
		{9CC5BD89-CE66-40BC-A66B-335B10E90752}.CD_ROM|x86.Build.0 = Debug|Any CPU
		{9CC5BD89-CE66-40BC-A66B-335B10E90752}.Debug|Any CPU.ActiveCfg = Debug|Any CPU
		{9CC5BD89-CE66-40BC-A66B-335B10E90752}.Debug|Any CPU.Build.0 = Debug|Any CPU
		{9CC5BD89-CE66-40BC-A66B-335B10E90752}.Debug|x64.ActiveCfg = Debug|x64
		{9CC5BD89-CE66-40BC-A66B-335B10E90752}.Debug|x64.Build.0 = Debug|x64
		{9CC5BD89-CE66-40BC-A66B-335B10E90752}.Debug|x86.ActiveCfg = Debug|Any CPU
		{9CC5BD89-CE66-40BC-A66B-335B10E90752}.Debug|x86.Build.0 = Debug|Any CPU
		{9CC5BD89-CE66-40BC-A66B-335B10E90752}.DVD-5|Any CPU.ActiveCfg = Debug|Any CPU
		{9CC5BD89-CE66-40BC-A66B-335B10E90752}.DVD-5|Any CPU.Build.0 = Debug|Any CPU
		{9CC5BD89-CE66-40BC-A66B-335B10E90752}.DVD-5|x64.ActiveCfg = Debug|x64
		{9CC5BD89-CE66-40BC-A66B-335B10E90752}.DVD-5|x64.Build.0 = Debug|x64
		{9CC5BD89-CE66-40BC-A66B-335B10E90752}.DVD-5|x86.ActiveCfg = Debug|Any CPU
		{9CC5BD89-CE66-40BC-A66B-335B10E90752}.DVD-5|x86.Build.0 = Debug|Any CPU
		{9CC5BD89-CE66-40BC-A66B-335B10E90752}.Release|Any CPU.ActiveCfg = Release|Any CPU
		{9CC5BD89-CE66-40BC-A66B-335B10E90752}.Release|Any CPU.Build.0 = Release|Any CPU
		{9CC5BD89-CE66-40BC-A66B-335B10E90752}.Release|x64.ActiveCfg = Release|x64
		{9CC5BD89-CE66-40BC-A66B-335B10E90752}.Release|x64.Build.0 = Release|x64
		{9CC5BD89-CE66-40BC-A66B-335B10E90752}.Release|x86.ActiveCfg = Release|Any CPU
		{9CC5BD89-CE66-40BC-A66B-335B10E90752}.Release|x86.Build.0 = Release|Any CPU
		{9CC5BD89-CE66-40BC-A66B-335B10E90752}.SingleImage|Any CPU.ActiveCfg = Debug|Any CPU
		{9CC5BD89-CE66-40BC-A66B-335B10E90752}.SingleImage|Any CPU.Build.0 = Debug|Any CPU
		{9CC5BD89-CE66-40BC-A66B-335B10E90752}.SingleImage|x64.ActiveCfg = Debug|x64
		{9CC5BD89-CE66-40BC-A66B-335B10E90752}.SingleImage|x64.Build.0 = Debug|x64
		{9CC5BD89-CE66-40BC-A66B-335B10E90752}.SingleImage|x86.ActiveCfg = Debug|Any CPU
		{9CC5BD89-CE66-40BC-A66B-335B10E90752}.SingleImage|x86.Build.0 = Debug|Any CPU
	EndGlobalSection
	GlobalSection(SolutionProperties) = preSolution
		HideSolutionNode = FALSE
	EndGlobalSection
	GlobalSection(ExtensibilityGlobals) = postSolution
		SolutionGuid = {DD3BBA3E-4228-49FF-BFF8-A30421102D22}
	EndGlobalSection
EndGlobal
